// !$*UTF8*$!
{
	archiveVersion = 1;
	classes = {
	};
	objectVersion = 56;
	objects = {

/* Begin PBXBuildFile section */
		3201FB642B15012500B63817 /* testProjApp.swift in Sources */ = {isa = PBXBuildFile; fileRef = 3201FB632B15012500B63817 /* testProjApp.swift */; };
		3201FB662B15012500B63817 /* ContentView.swift in Sources */ = {isa = PBXBuildFile; fileRef = 3201FB652B15012500B63817 /* ContentView.swift */; };
		3201FB682B15012600B63817 /* Assets.xcassets in Resources */ = {isa = PBXBuildFile; fileRef = 3201FB672B15012600B63817 /* Assets.xcassets */; };
		3201FB6C2B15012600B63817 /* Preview Assets.xcassets in Resources */ = {isa = PBXBuildFile; fileRef = 3201FB6B2B15012600B63817 /* Preview Assets.xcassets */; };
		3201FB762B15012600B63817 /* testProjTests.swift in Sources */ = {isa = PBXBuildFile; fileRef = 3201FB752B15012600B63817 /* testProjTests.swift */; };
		3201FB802B15012600B63817 /* testProjUITests.swift in Sources */ = {isa = PBXBuildFile; fileRef = 3201FB7F2B15012600B63817 /* testProjUITests.swift */; };
		3201FB822B15012600B63817 /* testProjUITestsLaunchTests.swift in Sources */ = {isa = PBXBuildFile; fileRef = 3201FB812B15012600B63817 /* testProjUITestsLaunchTests.swift */; };
/* End PBXBuildFile section */

/* Begin PBXContainerItemProxy section */
		3201FB722B15012600B63817 /* PBXContainerItemProxy */ = {
			isa = PBXContainerItemProxy;
			containerPortal = 3201FB582B15012400B63817 /* Project object */;
			proxyType = 1;
			remoteGlobalIDString = 3201FB5F2B15012400B63817;
			remoteInfo = testProj;
		};
		3201FB7C2B15012600B63817 /* PBXContainerItemProxy */ = {
			isa = PBXContainerItemProxy;
			containerPortal = 3201FB582B15012400B63817 /* Project object */;
			proxyType = 1;
			remoteGlobalIDString = 3201FB5F2B15012400B63817;
			remoteInfo = testProj;
		};
/* End PBXContainerItemProxy section */

/* Begin PBXFileReference section */
		3201FB602B15012500B63817 /* testProj.app */ = {isa = PBXFileReference; explicitFileType = wrapper.application; includeInIndex = 0; path = testProj.app; sourceTree = BUILT_PRODUCTS_DIR; };
		3201FB632B15012500B63817 /* testProjApp.swift */ = {isa = PBXFileReference; lastKnownFileType = sourcecode.swift; path = testProjApp.swift; sourceTree = "<group>"; };
		3201FB652B15012500B63817 /* ContentView.swift */ = {isa = PBXFileReference; lastKnownFileType = sourcecode.swift; path = ContentView.swift; sourceTree = "<group>"; };
		3201FB672B15012600B63817 /* Assets.xcassets */ = {isa = PBXFileReference; lastKnownFileType = folder.assetcatalog; path = Assets.xcassets; sourceTree = "<group>"; };
		3201FB692B15012600B63817 /* testProj.entitlements */ = {isa = PBXFileReference; lastKnownFileType = text.plist.entitlements; path = testProj.entitlements; sourceTree = "<group>"; };
		3201FB6B2B15012600B63817 /* Preview Assets.xcassets */ = {isa = PBXFileReference; lastKnownFileType = folder.assetcatalog; path = "Preview Assets.xcassets"; sourceTree = "<group>"; };
		3201FB712B15012600B63817 /* testProjTests.xctest */ = {isa = PBXFileReference; explicitFileType = wrapper.cfbundle; includeInIndex = 0; path = testProjTests.xctest; sourceTree = BUILT_PRODUCTS_DIR; };
		3201FB752B15012600B63817 /* testProjTests.swift */ = {isa = PBXFileReference; lastKnownFileType = sourcecode.swift; path = testProjTests.swift; sourceTree = "<group>"; };
		3201FB7B2B15012600B63817 /* testProjUITests.xctest */ = {isa = PBXFileReference; explicitFileType = wrapper.cfbundle; includeInIndex = 0; path = testProjUITests.xctest; sourceTree = BUILT_PRODUCTS_DIR; };
		3201FB7F2B15012600B63817 /* testProjUITests.swift */ = {isa = PBXFileReference; lastKnownFileType = sourcecode.swift; path = testProjUITests.swift; sourceTree = "<group>"; };
		3201FB812B15012600B63817 /* testProjUITestsLaunchTests.swift */ = {isa = PBXFileReference; lastKnownFileType = sourcecode.swift; path = testProjUITestsLaunchTests.swift; sourceTree = "<group>"; };
/* End PBXFileReference section */

/* Begin PBXFrameworksBuildPhase section */
		3201FB5D2B15012400B63817 /* Frameworks */ = {
			isa = PBXFrameworksBuildPhase;
			buildActionMask = 2147483647;
			files = (
			);
			runOnlyForDeploymentPostprocessing = 0;
		};
		3201FB6E2B15012600B63817 /* Frameworks */ = {
			isa = PBXFrameworksBuildPhase;
			buildActionMask = 2147483647;
			files = (
			);
			runOnlyForDeploymentPostprocessing = 0;
		};
		3201FB782B15012600B63817 /* Frameworks */ = {
			isa = PBXFrameworksBuildPhase;
			buildActionMask = 2147483647;
			files = (
			);
			runOnlyForDeploymentPostprocessing = 0;
		};
/* End PBXFrameworksBuildPhase section */

/* Begin PBXGroup section */
		3201FB572B15012400B63817 = {
			isa = PBXGroup;
			children = (
				3201FB622B15012500B63817 /* testProj */,
				3201FB742B15012600B63817 /* testProjTests */,
				3201FB7E2B15012600B63817 /* testProjUITests */,
				3201FB612B15012500B63817 /* Products */,
			);
			sourceTree = "<group>";
		};
		3201FB612B15012500B63817 /* Products */ = {
			isa = PBXGroup;
			children = (
				3201FB602B15012500B63817 /* testProj.app */,
				3201FB712B15012600B63817 /* testProjTests.xctest */,
				3201FB7B2B15012600B63817 /* testProjUITests.xctest */,
			);
			name = Products;
			sourceTree = "<group>";
		};
		3201FB622B15012500B63817 /* testProj */ = {
			isa = PBXGroup;
			children = (
				3201FB632B15012500B63817 /* testProjApp.swift */,
				3201FB652B15012500B63817 /* ContentView.swift */,
				3201FB672B15012600B63817 /* Assets.xcassets */,
				3201FB692B15012600B63817 /* testProj.entitlements */,
				3201FB6A2B15012600B63817 /* Preview Content */,
			);
			path = testProj;
			sourceTree = "<group>";
		};
		3201FB6A2B15012600B63817 /* Preview Content */ = {
			isa = PBXGroup;
			children = (
				3201FB6B2B15012600B63817 /* Preview Assets.xcassets */,
			);
			path = "Preview Content";
			sourceTree = "<group>";
		};
		3201FB742B15012600B63817 /* testProjTests */ = {
			isa = PBXGroup;
			children = (
				3201FB752B15012600B63817 /* testProjTests.swift */,
			);
			path = testProjTests;
			sourceTree = "<group>";
		};
		3201FB7E2B15012600B63817 /* testProjUITests */ = {
			isa = PBXGroup;
			children = (
				3201FB7F2B15012600B63817 /* testProjUITests.swift */,
				3201FB812B15012600B63817 /* testProjUITestsLaunchTests.swift */,
			);
			path = testProjUITests;
			sourceTree = "<group>";
		};
/* End PBXGroup section */

/* Begin PBXNativeTarget section */
		3201FB5F2B15012400B63817 /* testProj */ = {
			isa = PBXNativeTarget;
			buildConfigurationList = 3201FB852B15012600B63817 /* Build configuration list for PBXNativeTarget "testProj" */;
			buildPhases = (
				3201FB5C2B15012400B63817 /* Sources */,
				3201FB5D2B15012400B63817 /* Frameworks */,
				3201FB5E2B15012400B63817 /* Resources */,
			);
			buildRules = (
			);
			dependencies = (
			);
			name = testProj;
			productName = testProj;
			productReference = 3201FB602B15012500B63817 /* testProj.app */;
			productType = "com.apple.product-type.application";
		};
		3201FB702B15012600B63817 /* testProjTests */ = {
			isa = PBXNativeTarget;
			buildConfigurationList = 3201FB882B15012600B63817 /* Build configuration list for PBXNativeTarget "testProjTests" */;
			buildPhases = (
				3201FB6D2B15012600B63817 /* Sources */,
				3201FB6E2B15012600B63817 /* Frameworks */,
				3201FB6F2B15012600B63817 /* Resources */,
			);
			buildRules = (
			);
			dependencies = (
				3201FB732B15012600B63817 /* PBXTargetDependency */,
			);
			name = testProjTests;
			productName = testProjTests;
			productReference = 3201FB712B15012600B63817 /* testProjTests.xctest */;
			productType = "com.apple.product-type.bundle.unit-test";
		};
		3201FB7A2B15012600B63817 /* testProjUITests */ = {
			isa = PBXNativeTarget;
			buildConfigurationList = 3201FB8B2B15012600B63817 /* Build configuration list for PBXNativeTarget "testProjUITests" */;
			buildPhases = (
				3201FB772B15012600B63817 /* Sources */,
				3201FB782B15012600B63817 /* Frameworks */,
				3201FB792B15012600B63817 /* Resources */,
			);
			buildRules = (
			);
			dependencies = (
				3201FB7D2B15012600B63817 /* PBXTargetDependency */,
			);
			name = testProjUITests;
			productName = testProjUITests;
			productReference = 3201FB7B2B15012600B63817 /* testProjUITests.xctest */;
			productType = "com.apple.product-type.bundle.ui-testing";
		};
/* End PBXNativeTarget section */

/* Begin PBXProject section */
		3201FB582B15012400B63817 /* Project object */ = {
			isa = PBXProject;
			attributes = {
				BuildIndependentTargetsInParallel = 1;
				LastSwiftUpdateCheck = 1500;
				LastUpgradeCheck = 1500;
				TargetAttributes = {
					3201FB5F2B15012400B63817 = {
						CreatedOnToolsVersion = 15.0.1;
					};
					3201FB702B15012600B63817 = {
						CreatedOnToolsVersion = 15.0.1;
						TestTargetID = 3201FB5F2B15012400B63817;
					};
					3201FB7A2B15012600B63817 = {
						CreatedOnToolsVersion = 15.0.1;
						TestTargetID = 3201FB5F2B15012400B63817;
					};
				};
			};
			buildConfigurationList = 3201FB5B2B15012400B63817 /* Build configuration list for PBXProject "testProj" */;
			compatibilityVersion = "Xcode 14.0";
			developmentRegion = en;
			hasScannedForEncodings = 0;
			knownRegions = (
				en,
				Base,
			);
			mainGroup = 3201FB572B15012400B63817;
			productRefGroup = 3201FB612B15012500B63817 /* Products */;
			projectDirPath = "";
			projectRoot = "";
			targets = (
				3201FB5F2B15012400B63817 /* testProj */,
				3201FB702B15012600B63817 /* testProjTests */,
				3201FB7A2B15012600B63817 /* testProjUITests */,
			);
		};
/* End PBXProject section */

/* Begin PBXResourcesBuildPhase section */
		3201FB5E2B15012400B63817 /* Resources */ = {
			isa = PBXResourcesBuildPhase;
			buildActionMask = 2147483647;
			files = (
				3201FB6C2B15012600B63817 /* Preview Assets.xcassets in Resources */,
				3201FB682B15012600B63817 /* Assets.xcassets in Resources */,
			);
			runOnlyForDeploymentPostprocessing = 0;
		};
		3201FB6F2B15012600B63817 /* Resources */ = {
			isa = PBXResourcesBuildPhase;
			buildActionMask = 2147483647;
			files = (
			);
			runOnlyForDeploymentPostprocessing = 0;
		};
		3201FB792B15012600B63817 /* Resources */ = {
			isa = PBXResourcesBuildPhase;
			buildActionMask = 2147483647;
			files = (
			);
			runOnlyForDeploymentPostprocessing = 0;
		};
/* End PBXResourcesBuildPhase section */

/* Begin PBXSourcesBuildPhase section */
		3201FB5C2B15012400B63817 /* Sources */ = {
			isa = PBXSourcesBuildPhase;
			buildActionMask = 2147483647;
			files = (
				3201FB662B15012500B63817 /* ContentView.swift in Sources */,
				3201FB642B15012500B63817 /* testProjApp.swift in Sources */,
			);
			runOnlyForDeploymentPostprocessing = 0;
		};
		3201FB6D2B15012600B63817 /* Sources */ = {
			isa = PBXSourcesBuildPhase;
			buildActionMask = 2147483647;
			files = (
				3201FB762B15012600B63817 /* testProjTests.swift in Sources */,
			);
			runOnlyForDeploymentPostprocessing = 0;
		};
		3201FB772B15012600B63817 /* Sources */ = {
			isa = PBXSourcesBuildPhase;
			buildActionMask = 2147483647;
			files = (
				3201FB822B15012600B63817 /* testProjUITestsLaunchTests.swift in Sources */,
				3201FB802B15012600B63817 /* testProjUITests.swift in Sources */,
			);
			runOnlyForDeploymentPostprocessing = 0;
		};
/* End PBXSourcesBuildPhase section */

/* Begin PBXTargetDependency section */
		3201FB732B15012600B63817 /* PBXTargetDependency */ = {
			isa = PBXTargetDependency;
			target = 3201FB5F2B15012400B63817 /* testProj */;
			targetProxy = 3201FB722B15012600B63817 /* PBXContainerItemProxy */;
		};
		3201FB7D2B15012600B63817 /* PBXTargetDependency */ = {
			isa = PBXTargetDependency;
			target = 3201FB5F2B15012400B63817 /* testProj */;
			targetProxy = 3201FB7C2B15012600B63817 /* PBXContainerItemProxy */;
		};
/* End PBXTargetDependency section */

/* Begin XCBuildConfiguration section */
		3201FB832B15012600B63817 /* Debug */ = {
			isa = XCBuildConfiguration;
			buildSettings = {
				ALWAYS_SEARCH_USER_PATHS = NO;
				ASSETCATALOG_COMPILER_GENERATE_SWIFT_ASSET_SYMBOL_EXTENSIONS = YES;
				CLANG_ANALYZER_NONNULL = YES;
				CLANG_ANALYZER_NUMBER_OBJECT_CONVERSION = YES_AGGRESSIVE;
				CLANG_CXX_LANGUAGE_STANDARD = "gnu++20";
				CLANG_ENABLE_MODULES = YES;
				CLANG_ENABLE_OBJC_ARC = YES;
				CLANG_ENABLE_OBJC_WEAK = YES;
				CLANG_WARN_BLOCK_CAPTURE_AUTORELEASING = YES;
				CLANG_WARN_BOOL_CONVERSION = YES;
				CLANG_WARN_COMMA = YES;
				CLANG_WARN_CONSTANT_CONVERSION = YES;
				CLANG_WARN_DEPRECATED_OBJC_IMPLEMENTATIONS = YES;
				CLANG_WARN_DIRECT_OBJC_ISA_USAGE = YES_ERROR;
				CLANG_WARN_DOCUMENTATION_COMMENTS = YES;
				CLANG_WARN_EMPTY_BODY = YES;
				CLANG_WARN_ENUM_CONVERSION = YES;
				CLANG_WARN_INFINITE_RECURSION = YES;
				CLANG_WARN_INT_CONVERSION = YES;
				CLANG_WARN_NON_LITERAL_NULL_CONVERSION = YES;
				CLANG_WARN_OBJC_IMPLICIT_RETAIN_SELF = YES;
				CLANG_WARN_OBJC_LITERAL_CONVERSION = YES;
				CLANG_WARN_OBJC_ROOT_CLASS = YES_ERROR;
				CLANG_WARN_QUOTED_INCLUDE_IN_FRAMEWORK_HEADER = YES;
				CLANG_WARN_RANGE_LOOP_ANALYSIS = YES;
				CLANG_WARN_STRICT_PROTOTYPES = YES;
				CLANG_WARN_SUSPICIOUS_MOVE = YES;
				CLANG_WARN_UNGUARDED_AVAILABILITY = YES_AGGRESSIVE;
				CLANG_WARN_UNREACHABLE_CODE = YES;
				CLANG_WARN__DUPLICATE_METHOD_MATCH = YES;
				COPY_PHASE_STRIP = NO;
				DEBUG_INFORMATION_FORMAT = dwarf;
				ENABLE_STRICT_OBJC_MSGSEND = YES;
				ENABLE_TESTABILITY = YES;
				ENABLE_USER_SCRIPT_SANDBOXING = YES;
				GCC_C_LANGUAGE_STANDARD = gnu17;
				GCC_DYNAMIC_NO_PIC = NO;
				GCC_NO_COMMON_BLOCKS = YES;
				GCC_OPTIMIZATION_LEVEL = 0;
				GCC_PREPROCESSOR_DEFINITIONS = (
					"DEBUG=1",
					"$(inherited)",
				);
				GCC_WARN_64_TO_32_BIT_CONVERSION = YES;
				GCC_WARN_ABOUT_RETURN_TYPE = YES_ERROR;
				GCC_WARN_UNDECLARED_SELECTOR = YES;
				GCC_WARN_UNINITIALIZED_AUTOS = YES_AGGRESSIVE;
				GCC_WARN_UNUSED_FUNCTION = YES;
				GCC_WARN_UNUSED_VARIABLE = YES;
				LOCALIZATION_PREFERS_STRING_CATALOGS = YES;
				MTL_ENABLE_DEBUG_INFO = INCLUDE_SOURCE;
				MTL_FAST_MATH = YES;
				ONLY_ACTIVE_ARCH = YES;
				SWIFT_ACTIVE_COMPILATION_CONDITIONS = "DEBUG $(inherited)";
				SWIFT_OPTIMIZATION_LEVEL = "-Onone";
			};
			name = Debug;
		};
		3201FB842B15012600B63817 /* Release */ = {
			isa = XCBuildConfiguration;
			buildSettings = {
				ALWAYS_SEARCH_USER_PATHS = NO;
				ASSETCATALOG_COMPILER_GENERATE_SWIFT_ASSET_SYMBOL_EXTENSIONS = YES;
				CLANG_ANALYZER_NONNULL = YES;
				CLANG_ANALYZER_NUMBER_OBJECT_CONVERSION = YES_AGGRESSIVE;
				CLANG_CXX_LANGUAGE_STANDARD = "gnu++20";
				CLANG_ENABLE_MODULES = YES;
				CLANG_ENABLE_OBJC_ARC = YES;
				CLANG_ENABLE_OBJC_WEAK = YES;
				CLANG_WARN_BLOCK_CAPTURE_AUTORELEASING = YES;
				CLANG_WARN_BOOL_CONVERSION = YES;
				CLANG_WARN_COMMA = YES;
				CLANG_WARN_CONSTANT_CONVERSION = YES;
				CLANG_WARN_DEPRECATED_OBJC_IMPLEMENTATIONS = YES;
				CLANG_WARN_DIRECT_OBJC_ISA_USAGE = YES_ERROR;
				CLANG_WARN_DOCUMENTATION_COMMENTS = YES;
				CLANG_WARN_EMPTY_BODY = YES;
				CLANG_WARN_ENUM_CONVERSION = YES;
				CLANG_WARN_INFINITE_RECURSION = YES;
				CLANG_WARN_INT_CONVERSION = YES;
				CLANG_WARN_NON_LITERAL_NULL_CONVERSION = YES;
				CLANG_WARN_OBJC_IMPLICIT_RETAIN_SELF = YES;
				CLANG_WARN_OBJC_LITERAL_CONVERSION = YES;
				CLANG_WARN_OBJC_ROOT_CLASS = YES_ERROR;
				CLANG_WARN_QUOTED_INCLUDE_IN_FRAMEWORK_HEADER = YES;
				CLANG_WARN_RANGE_LOOP_ANALYSIS = YES;
				CLANG_WARN_STRICT_PROTOTYPES = YES;
				CLANG_WARN_SUSPICIOUS_MOVE = YES;
				CLANG_WARN_UNGUARDED_AVAILABILITY = YES_AGGRESSIVE;
				CLANG_WARN_UNREACHABLE_CODE = YES;
				CLANG_WARN__DUPLICATE_METHOD_MATCH = YES;
				COPY_PHASE_STRIP = NO;
				DEBUG_INFORMATION_FORMAT = "dwarf-with-dsym";
				ENABLE_NS_ASSERTIONS = NO;
				ENABLE_STRICT_OBJC_MSGSEND = YES;
				ENABLE_USER_SCRIPT_SANDBOXING = YES;
				GCC_C_LANGUAGE_STANDARD = gnu17;
				GCC_NO_COMMON_BLOCKS = YES;
				GCC_WARN_64_TO_32_BIT_CONVERSION = YES;
				GCC_WARN_ABOUT_RETURN_TYPE = YES_ERROR;
				GCC_WARN_UNDECLARED_SELECTOR = YES;
				GCC_WARN_UNINITIALIZED_AUTOS = YES_AGGRESSIVE;
				GCC_WARN_UNUSED_FUNCTION = YES;
				GCC_WARN_UNUSED_VARIABLE = YES;
				LOCALIZATION_PREFERS_STRING_CATALOGS = YES;
				MTL_ENABLE_DEBUG_INFO = NO;
				MTL_FAST_MATH = YES;
				SWIFT_COMPILATION_MODE = wholemodule;
			};
			name = Release;
		};
		3201FB862B15012600B63817 /* Debug */ = {
			isa = XCBuildConfiguration;
			buildSettings = {
				ASSETCATALOG_COMPILER_APPICON_NAME = AppIcon;
				ASSETCATALOG_COMPILER_GLOBAL_ACCENT_COLOR_NAME = AccentColor;
				CODE_SIGN_ENTITLEMENTS = testProj/testProj.entitlements;
				CODE_SIGN_STYLE = Automatic;
				CURRENT_PROJECT_VERSION = 1;
				DEVELOPMENT_ASSET_PATHS = "\"testProj/Preview Content\"";
				DEVELOPMENT_TEAM = 7S5KXF68WA;
				ENABLE_HARDENED_RUNTIME = YES;
				ENABLE_PREVIEWS = YES;
				GENERATE_INFOPLIST_FILE = YES;
				"INFOPLIST_KEY_UIApplicationSceneManifest_Generation[sdk=iphoneos*]" = YES;
				"INFOPLIST_KEY_UIApplicationSceneManifest_Generation[sdk=iphonesimulator*]" = YES;
				"INFOPLIST_KEY_UIApplicationSupportsIndirectInputEvents[sdk=iphoneos*]" = YES;
				"INFOPLIST_KEY_UIApplicationSupportsIndirectInputEvents[sdk=iphonesimulator*]" = YES;
				"INFOPLIST_KEY_UILaunchScreen_Generation[sdk=iphoneos*]" = YES;
				"INFOPLIST_KEY_UILaunchScreen_Generation[sdk=iphonesimulator*]" = YES;
				"INFOPLIST_KEY_UIStatusBarStyle[sdk=iphoneos*]" = UIStatusBarStyleDefault;
				"INFOPLIST_KEY_UIStatusBarStyle[sdk=iphonesimulator*]" = UIStatusBarStyleDefault;
				INFOPLIST_KEY_UISupportedInterfaceOrientations_iPad = "UIInterfaceOrientationPortrait UIInterfaceOrientationPortraitUpsideDown UIInterfaceOrientationLandscapeLeft UIInterfaceOrientationLandscapeRight";
				INFOPLIST_KEY_UISupportedInterfaceOrientations_iPhone = "UIInterfaceOrientationPortrait UIInterfaceOrientationLandscapeLeft UIInterfaceOrientationLandscapeRight";
				IPHONEOS_DEPLOYMENT_TARGET = 17.0;
				LD_RUNPATH_SEARCH_PATHS = "@executable_path/Frameworks";
				"LD_RUNPATH_SEARCH_PATHS[sdk=macosx*]" = "@executable_path/../Frameworks";
				MACOSX_DEPLOYMENT_TARGET = 14.0;
				MARKETING_VERSION = 1.0;
				PRODUCT_BUNDLE_IDENTIFIER = arthurSh.testProj;
				PRODUCT_NAME = "$(TARGET_NAME)";
				SDKROOT = auto;
				SUPPORTED_PLATFORMS = "iphoneos iphonesimulator macosx";
				SWIFT_EMIT_LOC_STRINGS = YES;
				SWIFT_VERSION = 5.0;
				TARGETED_DEVICE_FAMILY = "1,2";
			};
			name = Debug;
		};
		3201FB872B15012600B63817 /* Release */ = {
			isa = XCBuildConfiguration;
			buildSettings = {
				ASSETCATALOG_COMPILER_APPICON_NAME = AppIcon;
				ASSETCATALOG_COMPILER_GLOBAL_ACCENT_COLOR_NAME = AccentColor;
				CODE_SIGN_ENTITLEMENTS = testProj/testProj.entitlements;
				CODE_SIGN_STYLE = Automatic;
				CURRENT_PROJECT_VERSION = 1;
				DEVELOPMENT_ASSET_PATHS = "\"testProj/Preview Content\"";
				DEVELOPMENT_TEAM = 7S5KXF68WA;
				ENABLE_HARDENED_RUNTIME = YES;
				ENABLE_PREVIEWS = YES;
				GENERATE_INFOPLIST_FILE = YES;
				"INFOPLIST_KEY_UIApplicationSceneManifest_Generation[sdk=iphoneos*]" = YES;
				"INFOPLIST_KEY_UIApplicationSceneManifest_Generation[sdk=iphonesimulator*]" = YES;
				"INFOPLIST_KEY_UIApplicationSupportsIndirectInputEvents[sdk=iphoneos*]" = YES;
				"INFOPLIST_KEY_UIApplicationSupportsIndirectInputEvents[sdk=iphonesimulator*]" = YES;
				"INFOPLIST_KEY_UILaunchScreen_Generation[sdk=iphoneos*]" = YES;
				"INFOPLIST_KEY_UILaunchScreen_Generation[sdk=iphonesimulator*]" = YES;
				"INFOPLIST_KEY_UIStatusBarStyle[sdk=iphoneos*]" = UIStatusBarStyleDefault;
				"INFOPLIST_KEY_UIStatusBarStyle[sdk=iphonesimulator*]" = UIStatusBarStyleDefault;
				INFOPLIST_KEY_UISupportedInterfaceOrientations_iPad = "UIInterfaceOrientationPortrait UIInterfaceOrientationPortraitUpsideDown UIInterfaceOrientationLandscapeLeft UIInterfaceOrientationLandscapeRight";
				INFOPLIST_KEY_UISupportedInterfaceOrientations_iPhone = "UIInterfaceOrientationPortrait UIInterfaceOrientationLandscapeLeft UIInterfaceOrientationLandscapeRight";
				IPHONEOS_DEPLOYMENT_TARGET = 17.0;
				LD_RUNPATH_SEARCH_PATHS = "@executable_path/Frameworks";
				"LD_RUNPATH_SEARCH_PATHS[sdk=macosx*]" = "@executable_path/../Frameworks";
				MACOSX_DEPLOYMENT_TARGET = 14.0;
				MARKETING_VERSION = 1.0;
				PRODUCT_BUNDLE_IDENTIFIER = arthurSh.testProj;
				PRODUCT_NAME = "$(TARGET_NAME)";
				SDKROOT = auto;
				SUPPORTED_PLATFORMS = "iphoneos iphonesimulator macosx";
				SWIFT_EMIT_LOC_STRINGS = YES;
				SWIFT_VERSION = 5.0;
				TARGETED_DEVICE_FAMILY = "1,2";
			};
			name = Release;
		};
		3201FB892B15012600B63817 /* Debug */ = {
			isa = XCBuildConfiguration;
			buildSettings = {
				ALWAYS_EMBED_SWIFT_STANDARD_LIBRARIES = YES;
				BUNDLE_LOADER = "$(TEST_HOST)";
				CODE_SIGN_STYLE = Automatic;
				CURRENT_PROJECT_VERSION = 1;
				DEVELOPMENT_TEAM = 7S5KXF68WA;
				GENERATE_INFOPLIST_FILE = YES;
				IPHONEOS_DEPLOYMENT_TARGET = 17.0;
				MACOSX_DEPLOYMENT_TARGET = 14.0;
				MARKETING_VERSION = 1.0;
				PRODUCT_BUNDLE_IDENTIFIER = arthurSh.testProjTests;
				PRODUCT_NAME = "$(TARGET_NAME)";
				SDKROOT = auto;
				SUPPORTED_PLATFORMS = "iphoneos iphonesimulator macosx";
				SWIFT_EMIT_LOC_STRINGS = NO;
				SWIFT_VERSION = 5.0;
				TARGETED_DEVICE_FAMILY = "1,2";
				TEST_HOST = "$(BUILT_PRODUCTS_DIR)/testProj.app/$(BUNDLE_EXECUTABLE_FOLDER_PATH)/testProj";
			};
			name = Debug;
		};
		3201FB8A2B15012600B63817 /* Release */ = {
			isa = XCBuildConfiguration;
			buildSettings = {
				ALWAYS_EMBED_SWIFT_STANDARD_LIBRARIES = YES;
				BUNDLE_LOADER = "$(TEST_HOST)";
				CODE_SIGN_STYLE = Automatic;
				CURRENT_PROJECT_VERSION = 1;
				DEVELOPMENT_TEAM = 7S5KXF68WA;
				GENERATE_INFOPLIST_FILE = YES;
				IPHONEOS_DEPLOYMENT_TARGET = 17.0;
				MACOSX_DEPLOYMENT_TARGET = 14.0;
				MARKETING_VERSION = 1.0;
				PRODUCT_BUNDLE_IDENTIFIER = arthurSh.testProjTests;
				PRODUCT_NAME = "$(TARGET_NAME)";
				SDKROOT = auto;
				SUPPORTED_PLATFORMS = "iphoneos iphonesimulator macosx";
				SWIFT_EMIT_LOC_STRINGS = NO;
				SWIFT_VERSION = 5.0;
				TARGETED_DEVICE_FAMILY = "1,2";
				TEST_HOST = "$(BUILT_PRODUCTS_DIR)/testProj.app/$(BUNDLE_EXECUTABLE_FOLDER_PATH)/testProj";
			};
			name = Release;
		};
		3201FB8C2B15012600B63817 /* Debug */ = {
			isa = XCBuildConfiguration;
			buildSettings = {
				ALWAYS_EMBED_SWIFT_STANDARD_LIBRARIES = YES;
				CODE_SIGN_STYLE = Automatic;
				CURRENT_PROJECT_VERSION = 1;
				DEVELOPMENT_TEAM = 7S5KXF68WA;
				GENERATE_INFOPLIST_FILE = YES;
				IPHONEOS_DEPLOYMENT_TARGET = 17.0;
				MACOSX_DEPLOYMENT_TARGET = 14.0;
				MARKETING_VERSION = 1.0;
				PRODUCT_BUNDLE_IDENTIFIER = arthurSh.testProjUITests;
				PRODUCT_NAME = "$(TARGET_NAME)";
				SDKROOT = auto;
				SUPPORTED_PLATFORMS = "iphoneos iphonesimulator macosx";
				SWIFT_EMIT_LOC_STRINGS = NO;
				SWIFT_VERSION = 5.0;
				TARGETED_DEVICE_FAMILY = "1,2";
				TEST_TARGET_NAME = testProj;
			};
			name = Debug;
		};
		3201FB8D2B15012600B63817 /* Release */ = {
			isa = XCBuildConfiguration;
			buildSettings = {
				ALWAYS_EMBED_SWIFT_STANDARD_LIBRARIES = YES;
				CODE_SIGN_STYLE = Automatic;
				CURRENT_PROJECT_VERSION = 1;
				DEVELOPMENT_TEAM = 7S5KXF68WA;
				GENERATE_INFOPLIST_FILE = YES;
				IPHONEOS_DEPLOYMENT_TARGET = 17.0;
				MACOSX_DEPLOYMENT_TARGET = 14.0;
				MARKETING_VERSION = 1.0;
				PRODUCT_BUNDLE_IDENTIFIER = arthurSh.testProjUITests;
				PRODUCT_NAME = "$(TARGET_NAME)";
				SDKROOT = auto;
				SUPPORTED_PLATFORMS = "iphoneos iphonesimulator macosx";
				SWIFT_EMIT_LOC_STRINGS = NO;
				SWIFT_VERSION = 5.0;
				TARGETED_DEVICE_FAMILY = "1,2";
				TEST_TARGET_NAME = testProj;
			};
			name = Release;
		};
/* End XCBuildConfiguration section */

/* Begin XCConfigurationList section */
		3201FB5B2B15012400B63817 /* Build configuration list for PBXProject "testProj" */ = {
			isa = XCConfigurationList;
			buildConfigurations = (
				3201FB832B15012600B63817 /* Debug */,
				3201FB842B15012600B63817 /* Release */,
			);
			defaultConfigurationIsVisible = 0;
			defaultConfigurationName = Release;
		};
		3201FB852B15012600B63817 /* Build configuration list for PBXNativeTarget "testProj" */ = {
			isa = XCConfigurationList;
			buildConfigurations = (
				3201FB862B15012600B63817 /* Debug */,
				3201FB872B15012600B63817 /* Release */,
			);
			defaultConfigurationIsVisible = 0;
			defaultConfigurationName = Release;
		};
		3201FB882B15012600B63817 /* Build configuration list for PBXNativeTarget "testProjTests" */ = {
			isa = XCConfigurationList;
			buildConfigurations = (
				3201FB892B15012600B63817 /* Debug */,
				3201FB8A2B15012600B63817 /* Release */,
			);
			defaultConfigurationIsVisible = 0;
			defaultConfigurationName = Release;
		};
		3201FB8B2B15012600B63817 /* Build configuration list for PBXNativeTarget "testProjUITests" */ = {
			isa = XCConfigurationList;
			buildConfigurations = (
				3201FB8C2B15012600B63817 /* Debug */,
				3201FB8D2B15012600B63817 /* Release */,
			);
			defaultConfigurationIsVisible = 0;
			defaultConfigurationName = Release;
		};
/* End XCConfigurationList section */
	};
	rootObject = 3201FB582B15012400B63817 /* Project object */;
}
